
Microsoft Visual Studio Solution File, Format Version 12.00
Project("{FAE04EC0-301F-11D3-BF4B-00C04F79EFBC}") = "Crosswords", "Crosswords\Crosswords.csproj", "{6894B1EC-E2AC-4911-A5E0-F733B328CAAA}"
EndProject
Global
	GlobalSection(SolutionConfigurationPlatforms) = preSolution
		Debug|Any CPU = Debug|Any CPU
		Release|Any CPU = Release|Any CPU
	EndGlobalSection
	GlobalSection(ProjectConfigurationPlatforms) = postSolution
		{6894B1EC-E2AC-4911-A5E0-F733B328CAAA}.Debug|Any CPU.ActiveCfg = Debug|Any CPU
		{6894B1EC-E2AC-4911-A5E0-F733B328CAAA}.Debug|Any CPU.Build.0 = Debug|Any CPU
		{6894B1EC-E2AC-4911-A5E0-F733B328CAAA}.Release|Any CPU.ActiveCfg = Release|Any CPU
		{6894B1EC-E2AC-4911-A5E0-F733B328CAAA}.Release|Any CPU.Build.0 = Release|Any CPU
	EndGlobalSection
EndGlobal
